{
    "_readme": [
        "This file locks the dependencies of your project to a known state",
        "Read more about it at https://getcomposer.org/doc/01-basic-usage.md#installing-dependencies",
        "This file is @generated automatically"
    ],
    "content-hash": "e813cd9ccab950a1b6d38a9c88aa6d74",
    "packages": [
        {
            "name": "varuns/php-sleep",
            "version": "v1.10.1",
            "source": {
                "type": "git",
                "url": "https://github.com/varunsingh87/php-sleep.git",
                "reference": "298f58df2e3884bc883b73c0118fc873142ebb73"
            },
            "dist": {
                "type": "zip",
                "url": "https://api.github.com/repos/varunsingh87/php-sleep/zipball/298f58df2e3884bc883b73c0118fc873142ebb73",
                "reference": "298f58df2e3884bc883b73c0118fc873142ebb73",
                "shasum": ""
            },
            "require-dev": {
                "phpunit/phpunit": "^9.4"
            },
            "type": "library",
            "autoload": {
                "psr-4": {
                    "VarunS\\PHPSleep\\": "src",
                    "VarunS\\PHPSleep\\DBHandlers\\": "src/DBHandlers"
                }
            },
            "notification-url": "https://packagist.org/downloads/",
            "license": [
                "MIT"
            ],
            "authors": [
                {
                    "name": "Varun",
                    "email": "31084854+Borumer@users.noreply.github.com"
                }
            ],
            "description": "An object-oriented PHP library for a simple REST service",
            "support": {
                "issues": "https://github.com/varunsingh87/php-sleep/issues",
                "source": "https://github.com/varunsingh87/php-sleep/tree/v1.10.1"
            },
            "time": "2022-12-29T17:06:19+00:00"
        }
    ],
    "packages-dev": [],
    "aliases": [],
    "minimum-stability": "stable",
    "stability-flags": [],
    "prefer-stable": false,
    "prefer-lowest": false,
    "platform": [],
    "platform-dev": [],
    "plugin-api-version": "2.0.0"
}
